
Microsoft Visual Studio Solution File, Format Version 12.00
# Visual Studio Version 17
VisualStudioVersion = 17.9.34714.143
MinimumVisualStudioVersion = 10.0.40219.1
Project("{9A19103F-16F7-4668-BE54-9A1E7A4F7556}") = "Geometry", "Geometry\Geometry.csproj", "{6A4CC00B-2650-44F2-BD4C-35339977711D}"
EndProject
Project("{FAE04EC0-301F-11D3-BF4B-00C04F79EFBC}") = "GeometryExample", "GeometryExample\GeometryExample.csproj", "{7BA94F7E-4569-4B17-A6D0-87F16F34CBF5}"
EndProject
Global
	GlobalSection(SolutionConfigurationPlatforms) = preSolution
		Debug|Any CPU = Debug|Any CPU
		Release|Any CPU = Release|Any CPU
	EndGlobalSection
	GlobalSection(ProjectConfigurationPlatforms) = postSolution
		{6A4CC00B-2650-44F2-BD4C-35339977711D}.Debug|Any CPU.ActiveCfg = Debug|Any CPU
		{6A4CC00B-2650-44F2-BD4C-35339977711D}.Debug|Any CPU.Build.0 = Debug|Any CPU
		{6A4CC00B-2650-44F2-BD4C-35339977711D}.Release|Any CPU.ActiveCfg = Release|Any CPU
		{6A4CC00B-2650-44F2-BD4C-35339977711D}.Release|Any CPU.Build.0 = Release|Any CPU
		{7BA94F7E-4569-4B17-A6D0-87F16F34CBF5}.Debug|Any CPU.ActiveCfg = Debug|Any CPU
		{7BA94F7E-4569-4B17-A6D0-87F16F34CBF5}.Debug|Any CPU.Build.0 = Debug|Any CPU
		{7BA94F7E-4569-4B17-A6D0-87F16F34CBF5}.Release|Any CPU.ActiveCfg = Release|Any CPU
		{7BA94F7E-4569-4B17-A6D0-87F16F34CBF5}.Release|Any CPU.Build.0 = Release|Any CPU
	EndGlobalSection
	GlobalSection(SolutionProperties) = preSolution
		HideSolutionNode = FALSE
	EndGlobalSection
	GlobalSection(ExtensibilityGlobals) = postSolution
		SolutionGuid = {0A7C099F-06B9-4B57-8086-059A456F038B}
	EndGlobalSection
EndGlobal
